
Microsoft Visual Studio Solution File, Format Version 12.00
# Visual Studio Version 17
VisualStudioVersion = 17.6.33829.357
MinimumVisualStudioVersion = 10.0.40219.1
Project("{FAE04EC0-301F-11D3-BF4B-00C04F79EFBC}") = "DUMP_chat", "DUMP_chat\DUMP_chat.csproj", "{C9666FC6-DF90-468A-B724-8FA02A4B5838}"
EndProject
Project("{FAE04EC0-301F-11D3-BF4B-00C04F79EFBC}") = "Chat.data", "Chat.data\Chat.data.csproj", "{A3D0060B-F3C5-4C58-BC6C-F4F5C8171992}"
EndProject
Project("{FAE04EC0-301F-11D3-BF4B-00C04F79EFBC}") = "Chat.domain", "Chat.domain\Chat.domain.csproj", "{7C292796-E485-421A-A818-F6AA37F3783B}"
EndProject
Global
	GlobalSection(SolutionConfigurationPlatforms) = preSolution
		Debug|Any CPU = Debug|Any CPU
		Release|Any CPU = Release|Any CPU
	EndGlobalSection
	GlobalSection(ProjectConfigurationPlatforms) = postSolution
		{C9666FC6-DF90-468A-B724-8FA02A4B5838}.Debug|Any CPU.ActiveCfg = Debug|Any CPU
		{C9666FC6-DF90-468A-B724-8FA02A4B5838}.Debug|Any CPU.Build.0 = Debug|Any CPU
		{C9666FC6-DF90-468A-B724-8FA02A4B5838}.Release|Any CPU.ActiveCfg = Release|Any CPU
		{C9666FC6-DF90-468A-B724-8FA02A4B5838}.Release|Any CPU.Build.0 = Release|Any CPU
		{A3D0060B-F3C5-4C58-BC6C-F4F5C8171992}.Debug|Any CPU.ActiveCfg = Debug|Any CPU
		{A3D0060B-F3C5-4C58-BC6C-F4F5C8171992}.Debug|Any CPU.Build.0 = Debug|Any CPU
		{A3D0060B-F3C5-4C58-BC6C-F4F5C8171992}.Release|Any CPU.ActiveCfg = Release|Any CPU
		{A3D0060B-F3C5-4C58-BC6C-F4F5C8171992}.Release|Any CPU.Build.0 = Release|Any CPU
		{7C292796-E485-421A-A818-F6AA37F3783B}.Debug|Any CPU.ActiveCfg = Debug|Any CPU
		{7C292796-E485-421A-A818-F6AA37F3783B}.Debug|Any CPU.Build.0 = Debug|Any CPU
		{7C292796-E485-421A-A818-F6AA37F3783B}.Release|Any CPU.ActiveCfg = Release|Any CPU
		{7C292796-E485-421A-A818-F6AA37F3783B}.Release|Any CPU.Build.0 = Release|Any CPU
	EndGlobalSection
	GlobalSection(SolutionProperties) = preSolution
		HideSolutionNode = FALSE
	EndGlobalSection
	GlobalSection(ExtensibilityGlobals) = postSolution
		SolutionGuid = {E8B3C94F-9A1B-4DAC-B1C6-8932B95C6E63}
	EndGlobalSection
EndGlobal
